
Microsoft Visual Studio Solution File, Format Version 12.00
# Visual Studio 2012
Project("{FAE04EC0-301F-11D3-BF4B-00C04F79EFBC}") = "PrismUnity", "PrismUnity\PrismUnity.csproj", "{628A1FD5-D502-4535-88F5-6B2E09242956}"
EndProject
Project("{FAE04EC0-301F-11D3-BF4B-00C04F79EFBC}") = "PrismUnity.iOS", "PrismUnity.iOS\PrismUnity.iOS.csproj", "{35F43185-BE69-419F-97F3-CAD86895440A}"
EndProject
Project("{FAE04EC0-301F-11D3-BF4B-00C04F79EFBC}") = "PrismUnity.Droid", "PrismUnity.Droid\PrismUnity.Droid.csproj", "{DCF72D02-65B5-4BEE-8DE7-3ED9D08E745F}"
EndProject
Project("{FAE04EC0-301F-11D3-BF4B-00C04F79EFBC}") = "TestDemo", "TestDemo\TestDemo.csproj", "{5EC11925-6695-4466-919D-722A9BFCE640}"
EndProject
Global
	GlobalSection(SolutionConfigurationPlatforms) = preSolution
		Debug|Any CPU = Debug|Any CPU
		Release|Any CPU = Release|Any CPU
		Debug|iPhoneSimulator = Debug|iPhoneSimulator
		Release|iPhone = Release|iPhone
		Release|iPhoneSimulator = Release|iPhoneSimulator
		Debug|iPhone = Debug|iPhone
	EndGlobalSection
	GlobalSection(ProjectConfigurationPlatforms) = postSolution
		{628A1FD5-D502-4535-88F5-6B2E09242956}.Debug|Any CPU.ActiveCfg = Debug|Any CPU
		{628A1FD5-D502-4535-88F5-6B2E09242956}.Debug|Any CPU.Build.0 = Debug|Any CPU
		{628A1FD5-D502-4535-88F5-6B2E09242956}.Release|Any CPU.ActiveCfg = Release|Any CPU
		{628A1FD5-D502-4535-88F5-6B2E09242956}.Release|Any CPU.Build.0 = Release|Any CPU
		{628A1FD5-D502-4535-88F5-6B2E09242956}.Debug|iPhoneSimulator.ActiveCfg = Debug|Any CPU
		{628A1FD5-D502-4535-88F5-6B2E09242956}.Debug|iPhoneSimulator.Build.0 = Debug|Any CPU
		{628A1FD5-D502-4535-88F5-6B2E09242956}.Release|iPhone.ActiveCfg = Release|Any CPU
		{628A1FD5-D502-4535-88F5-6B2E09242956}.Release|iPhone.Build.0 = Release|Any CPU
		{628A1FD5-D502-4535-88F5-6B2E09242956}.Release|iPhoneSimulator.ActiveCfg = Release|Any CPU
		{628A1FD5-D502-4535-88F5-6B2E09242956}.Release|iPhoneSimulator.Build.0 = Release|Any CPU
		{628A1FD5-D502-4535-88F5-6B2E09242956}.Debug|iPhone.ActiveCfg = Debug|Any CPU
		{628A1FD5-D502-4535-88F5-6B2E09242956}.Debug|iPhone.Build.0 = Debug|Any CPU
		{35F43185-BE69-419F-97F3-CAD86895440A}.Debug|Any CPU.ActiveCfg = Debug|iPhoneSimulator
		{35F43185-BE69-419F-97F3-CAD86895440A}.Debug|Any CPU.Build.0 = Debug|iPhoneSimulator
		{35F43185-BE69-419F-97F3-CAD86895440A}.Release|Any CPU.ActiveCfg = Release|iPhone
		{35F43185-BE69-419F-97F3-CAD86895440A}.Release|Any CPU.Build.0 = Release|iPhone
		{35F43185-BE69-419F-97F3-CAD86895440A}.Debug|iPhoneSimulator.ActiveCfg = Debug|iPhoneSimulator
		{35F43185-BE69-419F-97F3-CAD86895440A}.Debug|iPhoneSimulator.Build.0 = Debug|iPhoneSimulator
		{35F43185-BE69-419F-97F3-CAD86895440A}.Release|iPhone.ActiveCfg = Release|iPhone
		{35F43185-BE69-419F-97F3-CAD86895440A}.Release|iPhone.Build.0 = Release|iPhone
		{35F43185-BE69-419F-97F3-CAD86895440A}.Release|iPhoneSimulator.ActiveCfg = Release|iPhoneSimulator
		{35F43185-BE69-419F-97F3-CAD86895440A}.Release|iPhoneSimulator.Build.0 = Release|iPhoneSimulator
		{35F43185-BE69-419F-97F3-CAD86895440A}.Debug|iPhone.ActiveCfg = Debug|iPhone
		{35F43185-BE69-419F-97F3-CAD86895440A}.Debug|iPhone.Build.0 = Debug|iPhone
		{DCF72D02-65B5-4BEE-8DE7-3ED9D08E745F}.Debug|Any CPU.ActiveCfg = Debug|Any CPU
		{DCF72D02-65B5-4BEE-8DE7-3ED9D08E745F}.Debug|Any CPU.Build.0 = Debug|Any CPU
		{DCF72D02-65B5-4BEE-8DE7-3ED9D08E745F}.Release|Any CPU.ActiveCfg = Release|Any CPU
		{DCF72D02-65B5-4BEE-8DE7-3ED9D08E745F}.Release|Any CPU.Build.0 = Release|Any CPU
		{DCF72D02-65B5-4BEE-8DE7-3ED9D08E745F}.Debug|iPhoneSimulator.ActiveCfg = Debug|Any CPU
		{DCF72D02-65B5-4BEE-8DE7-3ED9D08E745F}.Debug|iPhoneSimulator.Build.0 = Debug|Any CPU
		{DCF72D02-65B5-4BEE-8DE7-3ED9D08E745F}.Release|iPhone.ActiveCfg = Release|Any CPU
		{DCF72D02-65B5-4BEE-8DE7-3ED9D08E745F}.Release|iPhone.Build.0 = Release|Any CPU
		{DCF72D02-65B5-4BEE-8DE7-3ED9D08E745F}.Release|iPhoneSimulator.ActiveCfg = Release|Any CPU
		{DCF72D02-65B5-4BEE-8DE7-3ED9D08E745F}.Release|iPhoneSimulator.Build.0 = Release|Any CPU
		{DCF72D02-65B5-4BEE-8DE7-3ED9D08E745F}.Debug|iPhone.ActiveCfg = Debug|Any CPU
		{DCF72D02-65B5-4BEE-8DE7-3ED9D08E745F}.Debug|iPhone.Build.0 = Debug|Any CPU
		{5EC11925-6695-4466-919D-722A9BFCE640}.Debug|Any CPU.ActiveCfg = Debug|Any CPU
		{5EC11925-6695-4466-919D-722A9BFCE640}.Debug|Any CPU.Build.0 = Debug|Any CPU
		{5EC11925-6695-4466-919D-722A9BFCE640}.Release|Any CPU.ActiveCfg = Release|Any CPU
		{5EC11925-6695-4466-919D-722A9BFCE640}.Release|Any CPU.Build.0 = Release|Any CPU
		{5EC11925-6695-4466-919D-722A9BFCE640}.Debug|iPhoneSimulator.ActiveCfg = Debug|Any CPU
		{5EC11925-6695-4466-919D-722A9BFCE640}.Debug|iPhoneSimulator.Build.0 = Debug|Any CPU
		{5EC11925-6695-4466-919D-722A9BFCE640}.Release|iPhone.ActiveCfg = Release|Any CPU
		{5EC11925-6695-4466-919D-722A9BFCE640}.Release|iPhone.Build.0 = Release|Any CPU
		{5EC11925-6695-4466-919D-722A9BFCE640}.Release|iPhoneSimulator.ActiveCfg = Release|Any CPU
		{5EC11925-6695-4466-919D-722A9BFCE640}.Release|iPhoneSimulator.Build.0 = Release|Any CPU
		{5EC11925-6695-4466-919D-722A9BFCE640}.Debug|iPhone.ActiveCfg = Debug|Any CPU
		{5EC11925-6695-4466-919D-722A9BFCE640}.Debug|iPhone.Build.0 = Debug|Any CPU
	EndGlobalSection
EndGlobal
